
Microsoft Visual Studio Solution File, Format Version 12.00
# Visual Studio Version 17
VisualStudioVersion = 17.0.31903.59
MinimumVisualStudioVersion = 10.0.40219.1
Project("{2150E333-8FDC-42A3-9474-1A3956D46DE8}") = "src", "src", "{9A963D0F-8064-4739-8084-2EA2D4378694}"
EndProject
Project("{FAE04EC0-301F-11D3-BF4B-00C04F79EFBC}") = "AuctionService", "src\AuctionService\AuctionService.csproj", "{B756C820-6A03-48A4-8D0F-3CC535E1D127}"
EndProject
Project("{FAE04EC0-301F-11D3-BF4B-00C04F79EFBC}") = "SearchService", "src\SearchService\SearchService.csproj", "{27EA3D75-F56A-4768-BBF9-D029B73370C1}"
EndProject
Project("{FAE04EC0-301F-11D3-BF4B-00C04F79EFBC}") = "Contracts", "src\Contracts\Contracts.csproj", "{17D7FBC6-D241-4139-8E49-A4978BD4C7C3}"
EndProject
Project("{FAE04EC0-301F-11D3-BF4B-00C04F79EFBC}") = "IdentityService", "src\IdentityService\IdentityService.csproj", "{96A404FA-4499-4EFB-9149-4F5DF4017074}"
EndProject
Project("{FAE04EC0-301F-11D3-BF4B-00C04F79EFBC}") = "GatewayService", "src\GatewayService\GatewayService.csproj", "{6631E3F7-B7AB-4916-B98D-7B667F75B75D}"
EndProject
Project("{FAE04EC0-301F-11D3-BF4B-00C04F79EFBC}") = "BiddingService", "src\BiddingService\BiddingService.csproj", "{3862FBB2-49E7-4295-AFD9-ED3FEF87E00A}"
EndProject
Project("{FAE04EC0-301F-11D3-BF4B-00C04F79EFBC}") = "NotificationService", "src\NotificationService\NotificationService.csproj", "{E5AE6E90-66C2-49FA-9736-896BF6CE5ECC}"
EndProject
Project("{2150E333-8FDC-42A3-9474-1A3956D46DE8}") = "tests", "tests", "{FA1230D9-31EA-4870-B15F-FB6C89E88881}"
EndProject
Project("{FAE04EC0-301F-11D3-BF4B-00C04F79EFBC}") = "AuctionService.UnitTests", "tests\AuctionService.UnitTests\AuctionService.UnitTests.csproj", "{AA99ED80-0127-4BED-874D-6F63F5451FEE}"
EndProject
Project("{FAE04EC0-301F-11D3-BF4B-00C04F79EFBC}") = "AuctionService.IntegrationTests", "tests\AuctionService.IntegrationTests\AuctionService.IntegrationTests.csproj", "{6821B661-1A14-4F36-B5FE-B84DF53C2229}"
EndProject
Global
	GlobalSection(SolutionConfigurationPlatforms) = preSolution
		Debug|Any CPU = Debug|Any CPU
		Release|Any CPU = Release|Any CPU
	EndGlobalSection
	GlobalSection(SolutionProperties) = preSolution
		HideSolutionNode = FALSE
	EndGlobalSection
	GlobalSection(ProjectConfigurationPlatforms) = postSolution
		{B756C820-6A03-48A4-8D0F-3CC535E1D127}.Debug|Any CPU.ActiveCfg = Debug|Any CPU
		{B756C820-6A03-48A4-8D0F-3CC535E1D127}.Debug|Any CPU.Build.0 = Debug|Any CPU
		{B756C820-6A03-48A4-8D0F-3CC535E1D127}.Release|Any CPU.ActiveCfg = Release|Any CPU
		{B756C820-6A03-48A4-8D0F-3CC535E1D127}.Release|Any CPU.Build.0 = Release|Any CPU
		{27EA3D75-F56A-4768-BBF9-D029B73370C1}.Debug|Any CPU.ActiveCfg = Debug|Any CPU
		{27EA3D75-F56A-4768-BBF9-D029B73370C1}.Debug|Any CPU.Build.0 = Debug|Any CPU
		{27EA3D75-F56A-4768-BBF9-D029B73370C1}.Release|Any CPU.ActiveCfg = Release|Any CPU
		{27EA3D75-F56A-4768-BBF9-D029B73370C1}.Release|Any CPU.Build.0 = Release|Any CPU
		{17D7FBC6-D241-4139-8E49-A4978BD4C7C3}.Debug|Any CPU.ActiveCfg = Debug|Any CPU
		{17D7FBC6-D241-4139-8E49-A4978BD4C7C3}.Debug|Any CPU.Build.0 = Debug|Any CPU
		{17D7FBC6-D241-4139-8E49-A4978BD4C7C3}.Release|Any CPU.ActiveCfg = Release|Any CPU
		{17D7FBC6-D241-4139-8E49-A4978BD4C7C3}.Release|Any CPU.Build.0 = Release|Any CPU
		{96A404FA-4499-4EFB-9149-4F5DF4017074}.Debug|Any CPU.ActiveCfg = Debug|Any CPU
		{96A404FA-4499-4EFB-9149-4F5DF4017074}.Debug|Any CPU.Build.0 = Debug|Any CPU
		{96A404FA-4499-4EFB-9149-4F5DF4017074}.Release|Any CPU.ActiveCfg = Release|Any CPU
		{96A404FA-4499-4EFB-9149-4F5DF4017074}.Release|Any CPU.Build.0 = Release|Any CPU
		{6631E3F7-B7AB-4916-B98D-7B667F75B75D}.Debug|Any CPU.ActiveCfg = Debug|Any CPU
		{6631E3F7-B7AB-4916-B98D-7B667F75B75D}.Debug|Any CPU.Build.0 = Debug|Any CPU
		{6631E3F7-B7AB-4916-B98D-7B667F75B75D}.Release|Any CPU.ActiveCfg = Release|Any CPU
		{6631E3F7-B7AB-4916-B98D-7B667F75B75D}.Release|Any CPU.Build.0 = Release|Any CPU
		{3862FBB2-49E7-4295-AFD9-ED3FEF87E00A}.Debug|Any CPU.ActiveCfg = Debug|Any CPU
		{3862FBB2-49E7-4295-AFD9-ED3FEF87E00A}.Debug|Any CPU.Build.0 = Debug|Any CPU
		{3862FBB2-49E7-4295-AFD9-ED3FEF87E00A}.Release|Any CPU.ActiveCfg = Release|Any CPU
		{3862FBB2-49E7-4295-AFD9-ED3FEF87E00A}.Release|Any CPU.Build.0 = Release|Any CPU
		{E5AE6E90-66C2-49FA-9736-896BF6CE5ECC}.Debug|Any CPU.ActiveCfg = Debug|Any CPU
		{E5AE6E90-66C2-49FA-9736-896BF6CE5ECC}.Debug|Any CPU.Build.0 = Debug|Any CPU
		{E5AE6E90-66C2-49FA-9736-896BF6CE5ECC}.Release|Any CPU.ActiveCfg = Release|Any CPU
		{E5AE6E90-66C2-49FA-9736-896BF6CE5ECC}.Release|Any CPU.Build.0 = Release|Any CPU
		{AA99ED80-0127-4BED-874D-6F63F5451FEE}.Debug|Any CPU.ActiveCfg = Debug|Any CPU
		{AA99ED80-0127-4BED-874D-6F63F5451FEE}.Debug|Any CPU.Build.0 = Debug|Any CPU
		{AA99ED80-0127-4BED-874D-6F63F5451FEE}.Release|Any CPU.ActiveCfg = Release|Any CPU
		{AA99ED80-0127-4BED-874D-6F63F5451FEE}.Release|Any CPU.Build.0 = Release|Any CPU
		{6821B661-1A14-4F36-B5FE-B84DF53C2229}.Debug|Any CPU.ActiveCfg = Debug|Any CPU
		{6821B661-1A14-4F36-B5FE-B84DF53C2229}.Debug|Any CPU.Build.0 = Debug|Any CPU
		{6821B661-1A14-4F36-B5FE-B84DF53C2229}.Release|Any CPU.ActiveCfg = Release|Any CPU
		{6821B661-1A14-4F36-B5FE-B84DF53C2229}.Release|Any CPU.Build.0 = Release|Any CPU
	EndGlobalSection
	GlobalSection(NestedProjects) = preSolution
		{B756C820-6A03-48A4-8D0F-3CC535E1D127} = {9A963D0F-8064-4739-8084-2EA2D4378694}
		{27EA3D75-F56A-4768-BBF9-D029B73370C1} = {9A963D0F-8064-4739-8084-2EA2D4378694}
		{17D7FBC6-D241-4139-8E49-A4978BD4C7C3} = {9A963D0F-8064-4739-8084-2EA2D4378694}
		{96A404FA-4499-4EFB-9149-4F5DF4017074} = {9A963D0F-8064-4739-8084-2EA2D4378694}
		{6631E3F7-B7AB-4916-B98D-7B667F75B75D} = {9A963D0F-8064-4739-8084-2EA2D4378694}
		{3862FBB2-49E7-4295-AFD9-ED3FEF87E00A} = {9A963D0F-8064-4739-8084-2EA2D4378694}
		{E5AE6E90-66C2-49FA-9736-896BF6CE5ECC} = {9A963D0F-8064-4739-8084-2EA2D4378694}
		{AA99ED80-0127-4BED-874D-6F63F5451FEE} = {FA1230D9-31EA-4870-B15F-FB6C89E88881}
		{6821B661-1A14-4F36-B5FE-B84DF53C2229} = {FA1230D9-31EA-4870-B15F-FB6C89E88881}
	EndGlobalSection
EndGlobal
